// !$*UTF8*$!
{
	archiveVersion = 1;
	classes = {
	};
	objectVersion = 60;
	objects = {

/* Begin PBXBuildFile section */
		D72453452C2047F600E822DE /* iOSCloudflareApp.swift in Sources */ = {isa = PBXBuildFile; fileRef = D72453442C2047F600E822DE /* iOSCloudflareApp.swift */; };
		D72453472C2047F600E822DE /* ContentView.swift in Sources */ = {isa = PBXBuildFile; fileRef = D72453462C2047F600E822DE /* ContentView.swift */; };
		D72453492C2047F700E822DE /* Assets.xcassets in Resources */ = {isa = PBXBuildFile; fileRef = D72453482C2047F700E822DE /* Assets.xcassets */; };
		D724534C2C2047F700E822DE /* Preview Assets.xcassets in Resources */ = {isa = PBXBuildFile; fileRef = D724534B2C2047F700E822DE /* Preview Assets.xcassets */; };
		D724534E2C2047F700E822DE /* Persistence.swift in Sources */ = {isa = PBXBuildFile; fileRef = D724534D2C2047F700E822DE /* Persistence.swift */; };
		D72453512C2047F700E822DE /* iOSCloudflare.xcdatamodeld in Sources */ = {isa = PBXBuildFile; fileRef = D724534F2C2047F700E822DE /* iOSCloudflare.xcdatamodeld */; };
		D724535B2C2047F700E822DE /* iOSCloudflareTests.swift in Sources */ = {isa = PBXBuildFile; fileRef = D724535A2C2047F700E822DE /* iOSCloudflareTests.swift */; };
		D72453652C2047F700E822DE /* iOSCloudflareUITests.swift in Sources */ = {isa = PBXBuildFile; fileRef = D72453642C2047F700E822DE /* iOSCloudflareUITests.swift */; };
		D72453672C2047F700E822DE /* iOSCloudflareUITestsLaunchTests.swift in Sources */ = {isa = PBXBuildFile; fileRef = D72453662C2047F700E822DE /* iOSCloudflareUITestsLaunchTests.swift */; };
/* End PBXBuildFile section */

/* Begin PBXContainerItemProxy section */
		D72453572C2047F700E822DE /* PBXContainerItemProxy */ = {
			isa = PBXContainerItemProxy;
			containerPortal = D72453392C2047F600E822DE /* Project object */;
			proxyType = 1;
			remoteGlobalIDString = D72453402C2047F600E822DE;
			remoteInfo = iOSCloudflare;
		};
		D72453612C2047F700E822DE /* PBXContainerItemProxy */ = {
			isa = PBXContainerItemProxy;
			containerPortal = D72453392C2047F600E822DE /* Project object */;
			proxyType = 1;
			remoteGlobalIDString = D72453402C2047F600E822DE;
			remoteInfo = iOSCloudflare;
		};
/* End PBXContainerItemProxy section */

/* Begin PBXFileReference section */
		D72453412C2047F600E822DE /* iOSCloudflare.app */ = {isa = PBXFileReference; explicitFileType = wrapper.application; includeInIndex = 0; path = iOSCloudflare.app; sourceTree = BUILT_PRODUCTS_DIR; };
		D72453442C2047F600E822DE /* iOSCloudflareApp.swift */ = {isa = PBXFileReference; lastKnownFileType = sourcecode.swift; path = iOSCloudflareApp.swift; sourceTree = "<group>"; };
		D72453462C2047F600E822DE /* ContentView.swift */ = {isa = PBXFileReference; lastKnownFileType = sourcecode.swift; path = ContentView.swift; sourceTree = "<group>"; };
		D72453482C2047F700E822DE /* Assets.xcassets */ = {isa = PBXFileReference; lastKnownFileType = folder.assetcatalog; path = Assets.xcassets; sourceTree = "<group>"; };
		D724534B2C2047F700E822DE /* Preview Assets.xcassets */ = {isa = PBXFileReference; lastKnownFileType = folder.assetcatalog; path = "Preview Assets.xcassets"; sourceTree = "<group>"; };
		D724534D2C2047F700E822DE /* Persistence.swift */ = {isa = PBXFileReference; lastKnownFileType = sourcecode.swift; path = Persistence.swift; sourceTree = "<group>"; };
		D72453502C2047F700E822DE /* iOSCloudflare.xcdatamodel */ = {isa = PBXFileReference; lastKnownFileType = wrapper.xcdatamodel; path = iOSCloudflare.xcdatamodel; sourceTree = "<group>"; };
		D72453562C2047F700E822DE /* iOSCloudflareTests.xctest */ = {isa = PBXFileReference; explicitFileType = wrapper.cfbundle; includeInIndex = 0; path = iOSCloudflareTests.xctest; sourceTree = BUILT_PRODUCTS_DIR; };
		D724535A2C2047F700E822DE /* iOSCloudflareTests.swift */ = {isa = PBXFileReference; lastKnownFileType = sourcecode.swift; path = iOSCloudflareTests.swift; sourceTree = "<group>"; };
		D72453602C2047F700E822DE /* iOSCloudflareUITests.xctest */ = {isa = PBXFileReference; explicitFileType = wrapper.cfbundle; includeInIndex = 0; path = iOSCloudflareUITests.xctest; sourceTree = BUILT_PRODUCTS_DIR; };
		D72453642C2047F700E822DE /* iOSCloudflareUITests.swift */ = {isa = PBXFileReference; lastKnownFileType = sourcecode.swift; path = iOSCloudflareUITests.swift; sourceTree = "<group>"; };
		D72453662C2047F700E822DE /* iOSCloudflareUITestsLaunchTests.swift */ = {isa = PBXFileReference; lastKnownFileType = sourcecode.swift; path = iOSCloudflareUITestsLaunchTests.swift; sourceTree = "<group>"; };
/* End PBXFileReference section */

/* Begin PBXFrameworksBuildPhase section */
		D724533E2C2047F600E822DE /* Frameworks */ = {
			isa = PBXFrameworksBuildPhase;
			buildActionMask = 2147483647;
			files = (
			);
			runOnlyForDeploymentPostprocessing = 0;
		};
		D72453532C2047F700E822DE /* Frameworks */ = {
			isa = PBXFrameworksBuildPhase;
			buildActionMask = 2147483647;
			files = (
			);
			runOnlyForDeploymentPostprocessing = 0;
		};
		D724535D2C2047F700E822DE /* Frameworks */ = {
			isa = PBXFrameworksBuildPhase;
			buildActionMask = 2147483647;
			files = (
			);
			runOnlyForDeploymentPostprocessing = 0;
		};
/* End PBXFrameworksBuildPhase section */

/* Begin PBXGroup section */
		D72453382C2047F600E822DE = {
			isa = PBXGroup;
			children = (
				D72453432C2047F600E822DE /* iOSCloudflare */,
				D72453592C2047F700E822DE /* iOSCloudflareTests */,
				D72453632C2047F700E822DE /* iOSCloudflareUITests */,
				D72453422C2047F600E822DE /* Products */,
			);
			sourceTree = "<group>";
		};
		D72453422C2047F600E822DE /* Products */ = {
			isa = PBXGroup;
			children = (
				D72453412C2047F600E822DE /* iOSCloudflare.app */,
				D72453562C2047F700E822DE /* iOSCloudflareTests.xctest */,
				D72453602C2047F700E822DE /* iOSCloudflareUITests.xctest */,
			);
			name = Products;
			sourceTree = "<group>";
		};
		D72453432C2047F600E822DE /* iOSCloudflare */ = {
			isa = PBXGroup;
			children = (
				D72453442C2047F600E822DE /* iOSCloudflareApp.swift */,
				D72453462C2047F600E822DE /* ContentView.swift */,
				D72453482C2047F700E822DE /* Assets.xcassets */,
				D724534D2C2047F700E822DE /* Persistence.swift */,
				D724534F2C2047F700E822DE /* iOSCloudflare.xcdatamodeld */,
				D724534A2C2047F700E822DE /* Preview Content */,
			);
			path = iOSCloudflare;
			sourceTree = "<group>";
		};
		D724534A2C2047F700E822DE /* Preview Content */ = {
			isa = PBXGroup;
			children = (
				D724534B2C2047F700E822DE /* Preview Assets.xcassets */,
			);
			path = "Preview Content";
			sourceTree = "<group>";
		};
		D72453592C2047F700E822DE /* iOSCloudflareTests */ = {
			isa = PBXGroup;
			children = (
				D724535A2C2047F700E822DE /* iOSCloudflareTests.swift */,
			);
			path = iOSCloudflareTests;
			sourceTree = "<group>";
		};
		D72453632C2047F700E822DE /* iOSCloudflareUITests */ = {
			isa = PBXGroup;
			children = (
				D72453642C2047F700E822DE /* iOSCloudflareUITests.swift */,
				D72453662C2047F700E822DE /* iOSCloudflareUITestsLaunchTests.swift */,
			);
			path = iOSCloudflareUITests;
			sourceTree = "<group>";
		};
/* End PBXGroup section */

/* Begin PBXNativeTarget section */
		D72453402C2047F600E822DE /* iOSCloudflare */ = {
			isa = PBXNativeTarget;
			buildConfigurationList = D724536A2C2047F700E822DE /* Build configuration list for PBXNativeTarget "iOSCloudflare" */;
			buildPhases = (
				D724533D2C2047F600E822DE /* Sources */,
				D724533E2C2047F600E822DE /* Frameworks */,
				D724533F2C2047F600E822DE /* Resources */,
			);
			buildRules = (
			);
			dependencies = (
			);
			name = iOSCloudflare;
			productName = iOSCloudflare;
			productReference = D72453412C2047F600E822DE /* iOSCloudflare.app */;
			productType = "com.apple.product-type.application";
		};
		D72453552C2047F700E822DE /* iOSCloudflareTests */ = {
			isa = PBXNativeTarget;
			buildConfigurationList = D724536D2C2047F700E822DE /* Build configuration list for PBXNativeTarget "iOSCloudflareTests" */;
			buildPhases = (
				D72453522C2047F700E822DE /* Sources */,
				D72453532C2047F700E822DE /* Frameworks */,
				D72453542C2047F700E822DE /* Resources */,
			);
			buildRules = (
			);
			dependencies = (
				D72453582C2047F700E822DE /* PBXTargetDependency */,
			);
			name = iOSCloudflareTests;
			productName = iOSCloudflareTests;
			productReference = D72453562C2047F700E822DE /* iOSCloudflareTests.xctest */;
			productType = "com.apple.product-type.bundle.unit-test";
		};
		D724535F2C2047F700E822DE /* iOSCloudflareUITests */ = {
			isa = PBXNativeTarget;
			buildConfigurationList = D72453702C2047F700E822DE /* Build configuration list for PBXNativeTarget "iOSCloudflareUITests" */;
			buildPhases = (
				D724535C2C2047F700E822DE /* Sources */,
				D724535D2C2047F700E822DE /* Frameworks */,
				D724535E2C2047F700E822DE /* Resources */,
			);
			buildRules = (
			);
			dependencies = (
				D72453622C2047F700E822DE /* PBXTargetDependency */,
			);
			name = iOSCloudflareUITests;
			productName = iOSCloudflareUITests;
			productReference = D72453602C2047F700E822DE /* iOSCloudflareUITests.xctest */;
			productType = "com.apple.product-type.bundle.ui-testing";
		};
/* End PBXNativeTarget section */

/* Begin PBXProject section */
		D72453392C2047F600E822DE /* Project object */ = {
			isa = PBXProject;
			attributes = {
				BuildIndependentTargetsInParallel = 1;
				LastSwiftUpdateCheck = 1600;
				LastUpgradeCheck = 1600;
				TargetAttributes = {
					D72453402C2047F600E822DE = {
						CreatedOnToolsVersion = 16.0;
					};
					D72453552C2047F700E822DE = {
						CreatedOnToolsVersion = 16.0;
						TestTargetID = D72453402C2047F600E822DE;
					};
					D724535F2C2047F700E822DE = {
						CreatedOnToolsVersion = 16.0;
						TestTargetID = D72453402C2047F600E822DE;
					};
				};
			};
			buildConfigurationList = D724533C2C2047F600E822DE /* Build configuration list for PBXProject "iOSCloudflare" */;
			compatibilityVersion = "Xcode 15.0";
			developmentRegion = en;
			hasScannedForEncodings = 0;
			knownRegions = (
				en,
				Base,
			);
			mainGroup = D72453382C2047F600E822DE;
			productRefGroup = D72453422C2047F600E822DE /* Products */;
			projectDirPath = "";
			projectRoot = "";
			targets = (
				D72453402C2047F600E822DE /* iOSCloudflare */,
				D72453552C2047F700E822DE /* iOSCloudflareTests */,
				D724535F2C2047F700E822DE /* iOSCloudflareUITests */,
			);
		};
/* End PBXProject section */

/* Begin PBXResourcesBuildPhase section */
		D724533F2C2047F600E822DE /* Resources */ = {
			isa = PBXResourcesBuildPhase;
			buildActionMask = 2147483647;
			files = (
				D724534C2C2047F700E822DE /* Preview Assets.xcassets in Resources */,
				D72453492C2047F700E822DE /* Assets.xcassets in Resources */,
			);
			runOnlyForDeploymentPostprocessing = 0;
		};
		D72453542C2047F700E822DE /* Resources */ = {
			isa = PBXResourcesBuildPhase;
			buildActionMask = 2147483647;
			files = (
			);
			runOnlyForDeploymentPostprocessing = 0;
		};
		D724535E2C2047F700E822DE /* Resources */ = {
			isa = PBXResourcesBuildPhase;
			buildActionMask = 2147483647;
			files = (
			);
			runOnlyForDeploymentPostprocessing = 0;
		};
/* End PBXResourcesBuildPhase section */

/* Begin PBXSourcesBuildPhase section */
		D724533D2C2047F600E822DE /* Sources */ = {
			isa = PBXSourcesBuildPhase;
			buildActionMask = 2147483647;
			files = (
				D724534E2C2047F700E822DE /* Persistence.swift in Sources */,
				D72453472C2047F600E822DE /* ContentView.swift in Sources */,
				D72453512C2047F700E822DE /* iOSCloudflare.xcdatamodeld in Sources */,
				D72453452C2047F600E822DE /* iOSCloudflareApp.swift in Sources */,
			);
			runOnlyForDeploymentPostprocessing = 0;
		};
		D72453522C2047F700E822DE /* Sources */ = {
			isa = PBXSourcesBuildPhase;
			buildActionMask = 2147483647;
			files = (
				D724535B2C2047F700E822DE /* iOSCloudflareTests.swift in Sources */,
			);
			runOnlyForDeploymentPostprocessing = 0;
		};
		D724535C2C2047F700E822DE /* Sources */ = {
			isa = PBXSourcesBuildPhase;
			buildActionMask = 2147483647;
			files = (
				D72453652C2047F700E822DE /* iOSCloudflareUITests.swift in Sources */,
				D72453672C2047F700E822DE /* iOSCloudflareUITestsLaunchTests.swift in Sources */,
			);
			runOnlyForDeploymentPostprocessing = 0;
		};
/* End PBXSourcesBuildPhase section */

/* Begin PBXTargetDependency section */
		D72453582C2047F700E822DE /* PBXTargetDependency */ = {
			isa = PBXTargetDependency;
			target = D72453402C2047F600E822DE /* iOSCloudflare */;
			targetProxy = D72453572C2047F700E822DE /* PBXContainerItemProxy */;
		};
		D72453622C2047F700E822DE /* PBXTargetDependency */ = {
			isa = PBXTargetDependency;
			target = D72453402C2047F600E822DE /* iOSCloudflare */;
			targetProxy = D72453612C2047F700E822DE /* PBXContainerItemProxy */;
		};
/* End PBXTargetDependency section */

/* Begin XCBuildConfiguration section */
		D72453682C2047F700E822DE /* Debug */ = {
			isa = XCBuildConfiguration;
			buildSettings = {
				ALWAYS_SEARCH_USER_PATHS = NO;
				ASSETCATALOG_COMPILER_GENERATE_SWIFT_ASSET_SYMBOL_EXTENSIONS = YES;
				CLANG_ANALYZER_NONNULL = YES;
				CLANG_ANALYZER_NUMBER_OBJECT_CONVERSION = YES_AGGRESSIVE;
				CLANG_CXX_LANGUAGE_STANDARD = "gnu++20";
				CLANG_ENABLE_MODULES = YES;
				CLANG_ENABLE_OBJC_ARC = YES;
				CLANG_ENABLE_OBJC_WEAK = YES;
				CLANG_WARN_BLOCK_CAPTURE_AUTORELEASING = YES;
				CLANG_WARN_BOOL_CONVERSION = YES;
				CLANG_WARN_COMMA = YES;
				CLANG_WARN_CONSTANT_CONVERSION = YES;
				CLANG_WARN_DEPRECATED_OBJC_IMPLEMENTATIONS = YES;
				CLANG_WARN_DIRECT_OBJC_ISA_USAGE = YES_ERROR;
				CLANG_WARN_DOCUMENTATION_COMMENTS = YES;
				CLANG_WARN_EMPTY_BODY = YES;
				CLANG_WARN_ENUM_CONVERSION = YES;
				CLANG_WARN_INFINITE_RECURSION = YES;
				CLANG_WARN_INT_CONVERSION = YES;
				CLANG_WARN_NON_LITERAL_NULL_CONVERSION = YES;
				CLANG_WARN_OBJC_IMPLICIT_RETAIN_SELF = YES;
				CLANG_WARN_OBJC_LITERAL_CONVERSION = YES;
				CLANG_WARN_OBJC_ROOT_CLASS = YES_ERROR;
				CLANG_WARN_QUOTED_INCLUDE_IN_FRAMEWORK_HEADER = YES;
				CLANG_WARN_RANGE_LOOP_ANALYSIS = YES;
				CLANG_WARN_STRICT_PROTOTYPES = YES;
				CLANG_WARN_SUSPICIOUS_MOVE = YES;
				CLANG_WARN_UNGUARDED_AVAILABILITY = YES_AGGRESSIVE;
				CLANG_WARN_UNREACHABLE_CODE = YES;
				CLANG_WARN__DUPLICATE_METHOD_MATCH = YES;
				COPY_PHASE_STRIP = NO;
				DEBUG_INFORMATION_FORMAT = dwarf;
				ENABLE_STRICT_OBJC_MSGSEND = YES;
				ENABLE_TESTABILITY = YES;
				ENABLE_USER_SCRIPT_SANDBOXING = YES;
				GCC_C_LANGUAGE_STANDARD = gnu17;
				GCC_DYNAMIC_NO_PIC = NO;
				GCC_NO_COMMON_BLOCKS = YES;
				GCC_OPTIMIZATION_LEVEL = 0;
				GCC_PREPROCESSOR_DEFINITIONS = (
					"DEBUG=1",
					"$(inherited)",
				);
				GCC_WARN_64_TO_32_BIT_CONVERSION = YES;
				GCC_WARN_ABOUT_RETURN_TYPE = YES_ERROR;
				GCC_WARN_UNDECLARED_SELECTOR = YES;
				GCC_WARN_UNINITIALIZED_AUTOS = YES_AGGRESSIVE;
				GCC_WARN_UNUSED_FUNCTION = YES;
				GCC_WARN_UNUSED_VARIABLE = YES;
				IPHONEOS_DEPLOYMENT_TARGET = 18.0;
				LOCALIZATION_PREFERS_STRING_CATALOGS = YES;
				MTL_ENABLE_DEBUG_INFO = INCLUDE_SOURCE;
				MTL_FAST_MATH = YES;
				ONLY_ACTIVE_ARCH = YES;
				SDKROOT = iphoneos;
				SWIFT_ACTIVE_COMPILATION_CONDITIONS = "DEBUG $(inherited)";
				SWIFT_OPTIMIZATION_LEVEL = "-Onone";
			};
			name = Debug;
		};
		D72453692C2047F700E822DE /* Release */ = {
			isa = XCBuildConfiguration;
			buildSettings = {
				ALWAYS_SEARCH_USER_PATHS = NO;
				ASSETCATALOG_COMPILER_GENERATE_SWIFT_ASSET_SYMBOL_EXTENSIONS = YES;
				CLANG_ANALYZER_NONNULL = YES;
				CLANG_ANALYZER_NUMBER_OBJECT_CONVERSION = YES_AGGRESSIVE;
				CLANG_CXX_LANGUAGE_STANDARD = "gnu++20";
				CLANG_ENABLE_MODULES = YES;
				CLANG_ENABLE_OBJC_ARC = YES;
				CLANG_ENABLE_OBJC_WEAK = YES;
				CLANG_WARN_BLOCK_CAPTURE_AUTORELEASING = YES;
				CLANG_WARN_BOOL_CONVERSION = YES;
				CLANG_WARN_COMMA = YES;
				CLANG_WARN_CONSTANT_CONVERSION = YES;
				CLANG_WARN_DEPRECATED_OBJC_IMPLEMENTATIONS = YES;
				CLANG_WARN_DIRECT_OBJC_ISA_USAGE = YES_ERROR;
				CLANG_WARN_DOCUMENTATION_COMMENTS = YES;
				CLANG_WARN_EMPTY_BODY = YES;
				CLANG_WARN_ENUM_CONVERSION = YES;
				CLANG_WARN_INFINITE_RECURSION = YES;
				CLANG_WARN_INT_CONVERSION = YES;
				CLANG_WARN_NON_LITERAL_NULL_CONVERSION = YES;
				CLANG_WARN_OBJC_IMPLICIT_RETAIN_SELF = YES;
				CLANG_WARN_OBJC_LITERAL_CONVERSION = YES;
				CLANG_WARN_OBJC_ROOT_CLASS = YES_ERROR;
				CLANG_WARN_QUOTED_INCLUDE_IN_FRAMEWORK_HEADER = YES;
				CLANG_WARN_RANGE_LOOP_ANALYSIS = YES;
				CLANG_WARN_STRICT_PROTOTYPES = YES;
				CLANG_WARN_SUSPICIOUS_MOVE = YES;
				CLANG_WARN_UNGUARDED_AVAILABILITY = YES_AGGRESSIVE;
				CLANG_WARN_UNREACHABLE_CODE = YES;
				CLANG_WARN__DUPLICATE_METHOD_MATCH = YES;
				COPY_PHASE_STRIP = NO;
				DEBUG_INFORMATION_FORMAT = "dwarf-with-dsym";
				ENABLE_NS_ASSERTIONS = NO;
				ENABLE_STRICT_OBJC_MSGSEND = YES;
				ENABLE_USER_SCRIPT_SANDBOXING = YES;
				GCC_C_LANGUAGE_STANDARD = gnu17;
				GCC_NO_COMMON_BLOCKS = YES;
				GCC_WARN_64_TO_32_BIT_CONVERSION = YES;
				GCC_WARN_ABOUT_RETURN_TYPE = YES_ERROR;
				GCC_WARN_UNDECLARED_SELECTOR = YES;
				GCC_WARN_UNINITIALIZED_AUTOS = YES_AGGRESSIVE;
				GCC_WARN_UNUSED_FUNCTION = YES;
				GCC_WARN_UNUSED_VARIABLE = YES;
				IPHONEOS_DEPLOYMENT_TARGET = 18.0;
				LOCALIZATION_PREFERS_STRING_CATALOGS = YES;
				MTL_ENABLE_DEBUG_INFO = NO;
				MTL_FAST_MATH = YES;
				SDKROOT = iphoneos;
				SWIFT_COMPILATION_MODE = wholemodule;
				VALIDATE_PRODUCT = YES;
			};
			name = Release;
		};
		D724536B2C2047F700E822DE /* Debug */ = {
			isa = XCBuildConfiguration;
			buildSettings = {
				ASSETCATALOG_COMPILER_APPICON_NAME = AppIcon;
				ASSETCATALOG_COMPILER_GLOBAL_ACCENT_COLOR_NAME = AccentColor;
				CODE_SIGN_STYLE = Automatic;
				CURRENT_PROJECT_VERSION = 1;
				DEVELOPMENT_ASSET_PATHS = "\"iOSCloudflare/Preview Content\"";
				DEVELOPMENT_TEAM = GH945RTPM7;
				ENABLE_PREVIEWS = YES;
				GENERATE_INFOPLIST_FILE = YES;
				INFOPLIST_KEY_UIApplicationSceneManifest_Generation = YES;
				INFOPLIST_KEY_UIApplicationSupportsIndirectInputEvents = YES;
				INFOPLIST_KEY_UILaunchScreen_Generation = YES;
				INFOPLIST_KEY_UISupportedInterfaceOrientations_iPad = "UIInterfaceOrientationPortrait UIInterfaceOrientationPortraitUpsideDown UIInterfaceOrientationLandscapeLeft UIInterfaceOrientationLandscapeRight";
				INFOPLIST_KEY_UISupportedInterfaceOrientations_iPhone = "UIInterfaceOrientationPortrait UIInterfaceOrientationLandscapeLeft UIInterfaceOrientationLandscapeRight";
				LD_RUNPATH_SEARCH_PATHS = (
					"$(inherited)",
					"@executable_path/Frameworks",
				);
				MARKETING_VERSION = 1.0;
				PRODUCT_BUNDLE_IDENTIFIER = com.intron014.iOSCloudflare;
				PRODUCT_NAME = "$(TARGET_NAME)";
				SWIFT_EMIT_LOC_STRINGS = YES;
				SWIFT_VERSION = 5.0;
				TARGETED_DEVICE_FAMILY = "1,2";
			};
			name = Debug;
		};
		D724536C2C2047F700E822DE /* Release */ = {
			isa = XCBuildConfiguration;
			buildSettings = {
				ASSETCATALOG_COMPILER_APPICON_NAME = AppIcon;
				ASSETCATALOG_COMPILER_GLOBAL_ACCENT_COLOR_NAME = AccentColor;
				CODE_SIGN_STYLE = Automatic;
				CURRENT_PROJECT_VERSION = 1;
				DEVELOPMENT_ASSET_PATHS = "\"iOSCloudflare/Preview Content\"";
				DEVELOPMENT_TEAM = GH945RTPM7;
				ENABLE_PREVIEWS = YES;
				GENERATE_INFOPLIST_FILE = YES;
				INFOPLIST_KEY_UIApplicationSceneManifest_Generation = YES;
				INFOPLIST_KEY_UIApplicationSupportsIndirectInputEvents = YES;
				INFOPLIST_KEY_UILaunchScreen_Generation = YES;
				INFOPLIST_KEY_UISupportedInterfaceOrientations_iPad = "UIInterfaceOrientationPortrait UIInterfaceOrientationPortraitUpsideDown UIInterfaceOrientationLandscapeLeft UIInterfaceOrientationLandscapeRight";
				INFOPLIST_KEY_UISupportedInterfaceOrientations_iPhone = "UIInterfaceOrientationPortrait UIInterfaceOrientationLandscapeLeft UIInterfaceOrientationLandscapeRight";
				LD_RUNPATH_SEARCH_PATHS = (
					"$(inherited)",
					"@executable_path/Frameworks",
				);
				MARKETING_VERSION = 1.0;
				PRODUCT_BUNDLE_IDENTIFIER = com.intron014.iOSCloudflare;
				PRODUCT_NAME = "$(TARGET_NAME)";
				SWIFT_EMIT_LOC_STRINGS = YES;
				SWIFT_VERSION = 5.0;
				TARGETED_DEVICE_FAMILY = "1,2";
			};
			name = Release;
		};
		D724536E2C2047F700E822DE /* Debug */ = {
			isa = XCBuildConfiguration;
			buildSettings = {
				BUNDLE_LOADER = "$(TEST_HOST)";
				CODE_SIGN_STYLE = Automatic;
				CURRENT_PROJECT_VERSION = 1;
				DEVELOPMENT_TEAM = GH945RTPM7;
				GENERATE_INFOPLIST_FILE = YES;
				IPHONEOS_DEPLOYMENT_TARGET = 18.0;
				MARKETING_VERSION = 1.0;
				PRODUCT_BUNDLE_IDENTIFIER = com.intron014.iOSCloudflareTests;
				PRODUCT_NAME = "$(TARGET_NAME)";
				SWIFT_EMIT_LOC_STRINGS = NO;
				SWIFT_VERSION = 5.0;
				TARGETED_DEVICE_FAMILY = "1,2";
				TEST_HOST = "$(BUILT_PRODUCTS_DIR)/iOSCloudflare.app/$(BUNDLE_EXECUTABLE_FOLDER_PATH)/iOSCloudflare";
			};
			name = Debug;
		};
		D724536F2C2047F700E822DE /* Release */ = {
			isa = XCBuildConfiguration;
			buildSettings = {
				BUNDLE_LOADER = "$(TEST_HOST)";
				CODE_SIGN_STYLE = Automatic;
				CURRENT_PROJECT_VERSION = 1;
				DEVELOPMENT_TEAM = GH945RTPM7;
				GENERATE_INFOPLIST_FILE = YES;
				IPHONEOS_DEPLOYMENT_TARGET = 18.0;
				MARKETING_VERSION = 1.0;
				PRODUCT_BUNDLE_IDENTIFIER = com.intron014.iOSCloudflareTests;
				PRODUCT_NAME = "$(TARGET_NAME)";
				SWIFT_EMIT_LOC_STRINGS = NO;
				SWIFT_VERSION = 5.0;
				TARGETED_DEVICE_FAMILY = "1,2";
				TEST_HOST = "$(BUILT_PRODUCTS_DIR)/iOSCloudflare.app/$(BUNDLE_EXECUTABLE_FOLDER_PATH)/iOSCloudflare";
			};
			name = Release;
		};
		D72453712C2047F700E822DE /* Debug */ = {
			isa = XCBuildConfiguration;
			buildSettings = {
				CODE_SIGN_STYLE = Automatic;
				CURRENT_PROJECT_VERSION = 1;
				DEVELOPMENT_TEAM = GH945RTPM7;
				GENERATE_INFOPLIST_FILE = YES;
				MARKETING_VERSION = 1.0;
				PRODUCT_BUNDLE_IDENTIFIER = com.intron014.iOSCloudflareUITests;
				PRODUCT_NAME = "$(TARGET_NAME)";
				SWIFT_EMIT_LOC_STRINGS = NO;
				SWIFT_VERSION = 5.0;
				TARGETED_DEVICE_FAMILY = "1,2";
				TEST_TARGET_NAME = iOSCloudflare;
			};
			name = Debug;
		};
		D72453722C2047F700E822DE /* Release */ = {
			isa = XCBuildConfiguration;
			buildSettings = {
				CODE_SIGN_STYLE = Automatic;
				CURRENT_PROJECT_VERSION = 1;
				DEVELOPMENT_TEAM = GH945RTPM7;
				GENERATE_INFOPLIST_FILE = YES;
				MARKETING_VERSION = 1.0;
				PRODUCT_BUNDLE_IDENTIFIER = com.intron014.iOSCloudflareUITests;
				PRODUCT_NAME = "$(TARGET_NAME)";
				SWIFT_EMIT_LOC_STRINGS = NO;
				SWIFT_VERSION = 5.0;
				TARGETED_DEVICE_FAMILY = "1,2";
				TEST_TARGET_NAME = iOSCloudflare;
			};
			name = Release;
		};
/* End XCBuildConfiguration section */

/* Begin XCConfigurationList section */
		D724533C2C2047F600E822DE /* Build configuration list for PBXProject "iOSCloudflare" */ = {
			isa = XCConfigurationList;
			buildConfigurations = (
				D72453682C2047F700E822DE /* Debug */,
				D72453692C2047F700E822DE /* Release */,
			);
			defaultConfigurationIsVisible = 0;
			defaultConfigurationName = Release;
		};
		D724536A2C2047F700E822DE /* Build configuration list for PBXNativeTarget "iOSCloudflare" */ = {
			isa = XCConfigurationList;
			buildConfigurations = (
				D724536B2C2047F700E822DE /* Debug */,
				D724536C2C2047F700E822DE /* Release */,
			);
			defaultConfigurationIsVisible = 0;
			defaultConfigurationName = Release;
		};
		D724536D2C2047F700E822DE /* Build configuration list for PBXNativeTarget "iOSCloudflareTests" */ = {
			isa = XCConfigurationList;
			buildConfigurations = (
				D724536E2C2047F700E822DE /* Debug */,
				D724536F2C2047F700E822DE /* Release */,
			);
			defaultConfigurationIsVisible = 0;
			defaultConfigurationName = Release;
		};
		D72453702C2047F700E822DE /* Build configuration list for PBXNativeTarget "iOSCloudflareUITests" */ = {
			isa = XCConfigurationList;
			buildConfigurations = (
				D72453712C2047F700E822DE /* Debug */,
				D72453722C2047F700E822DE /* Release */,
			);
			defaultConfigurationIsVisible = 0;
			defaultConfigurationName = Release;
		};
/* End XCConfigurationList section */

/* Begin XCVersionGroup section */
		D724534F2C2047F700E822DE /* iOSCloudflare.xcdatamodeld */ = {
			isa = XCVersionGroup;
			children = (
				D72453502C2047F700E822DE /* iOSCloudflare.xcdatamodel */,
			);
			currentVersion = D72453502C2047F700E822DE /* iOSCloudflare.xcdatamodel */;
			path = iOSCloudflare.xcdatamodeld;
			sourceTree = "<group>";
			versionGroupType = wrapper.xcdatamodel;
		};
/* End XCVersionGroup section */
	};
	rootObject = D72453392C2047F600E822DE /* Project object */;
}
